
Microsoft Visual Studio Solution File, Format Version 12.00
# Visual Studio Version 17
VisualStudioVersion = 17.14.36414.22 d17.14
MinimumVisualStudioVersion = 10.0.40219.1
Project("{FAE04EC0-301F-11D3-BF4B-00C04F79EFBC}") = "First-.NET-MAUI-app", "First-.NET-MAUI-app\First-.NET-MAUI-app.csproj", "{FD509910-1147-4B16-B8A9-7B92983CDABF}"
EndProject
Global
	GlobalSection(SolutionConfigurationPlatforms) = preSolution
		Debug|Any CPU = Debug|Any CPU
		Release|Any CPU = Release|Any CPU
	EndGlobalSection
	GlobalSection(ProjectConfigurationPlatforms) = postSolution
		{FD509910-1147-4B16-B8A9-7B92983CDABF}.Debug|Any CPU.ActiveCfg = Debug|Any CPU
		{FD509910-1147-4B16-B8A9-7B92983CDABF}.Debug|Any CPU.Build.0 = Debug|Any CPU
		{FD509910-1147-4B16-B8A9-7B92983CDABF}.Release|Any CPU.ActiveCfg = Release|Any CPU
		{FD509910-1147-4B16-B8A9-7B92983CDABF}.Release|Any CPU.Build.0 = Release|Any CPU
	EndGlobalSection
	GlobalSection(SolutionProperties) = preSolution
		HideSolutionNode = FALSE
	EndGlobalSection
	GlobalSection(ExtensibilityGlobals) = postSolution
		SolutionGuid = {1D522010-1D40-47DE-9D41-6915F3A4F830}
	EndGlobalSection
EndGlobal
